<?xml version="1.0" encoding="utf-8"?>
<Project ToolsVersion="4.0" xmlns="http://schemas.microsoft.com/developer/msbuild/2003">
  <ItemGroup>
    <Filter Include="Source Files">
      <UniqueIdentifier>{4FC737F1-C7A5-4376-A066-2A32D752A2FF}</UniqueIdentifier>
      <Extensions>cpp;c;cc;cxx;def;odl;idl;hpj;bat;asm;asmx</Extensions>
    </Filter>
    <Filter Include="Header Files">
      <UniqueIdentifier>{93995380-89BD-4b04-88EB-625FBE52EBFB}</UniqueIdentifier>
      <Extensions>h;hh;hpp;hxx;hm;inl;inc;ipp;xsd</Extensions>
    </Filter>
    <Filter Include="Resource Files">
      <UniqueIdentifier>{67DA6AB6-F800-4c08-8B7A-83BB121AAD01}</UniqueIdentifier>
      <Extensions>rc;ico;cur;bmp;dlg;rc2;rct;bin;rgs;gif;jpg;jpeg;jpe;resx;tiff;tif;png;wav;mfcribbon-ms</Extensions>
    </Filter>
    <Filter Include="Header Files\Model">
      <UniqueIdentifier>{6b6f3d9d-ca54-4021-9927-e1aece9caae3}</UniqueIdentifier>
    </Filter>
    <Filter Include="Source Files\Model">
      <UniqueIdentifier>{aba8ddd3-bd10-4330-a02d-0eacbb1a89df}</UniqueIdentifier>
    </Filter>
    <Filter Include="Header Files\Controller">
      <UniqueIdentifier>{24760b34-fd72-4c9f-9b4f-be5271403771}</UniqueIdentifier>
    </Filter>
    <Filter Include="Source Files\Controller">
      <UniqueIdentifier>{dbf9c25c-18ec-4bc7-bb60-38dfd32d974b}</UniqueIdentifier>
    </Filter>
    <Filter Include="Header Files\TerminalView">
      <UniqueIdentifier>{311f5958-c046-488e-9e2e-8de8e5ab165d}</UniqueIdentifier>
    </Filter>
    <Filter Include="Source Files\TerminalView">
      <UniqueIdentifier>{6a4da816-3132-4a19-a693-2844696516b5}</UniqueIdentifier>
    </Filter>
    <Filter Include="Header Files\Fsm">
      <UniqueIdentifier>{6a246463-2c33-4843-a56c-c20bc6ab49cc}</UniqueIdentifier>
    </Filter>
    <Filter Include="Source Files\Fsm">
      <UniqueIdentifier>{cee8d5ba-6252-4a0f-a453-2c4c91227a03}</UniqueIdentifier>
    </Filter>
    <Filter Include="Header Files\SDLView">
      <UniqueIdentifier>{132e921c-2b52-4e5a-a007-493b429fb95c}</UniqueIdentifier>
    </Filter>
    <Filter Include="Source Files\SDLView">
      <UniqueIdentifier>{eff98f23-4e4b-4e60-8096-be4fd8b4d4c2}</UniqueIdentifier>
    </Filter>
    <Filter Include="Header Files\Game">
      <UniqueIdentifier>{ec720df7-e03c-4b10-9f17-4c56cb5b768e}</UniqueIdentifier>
    </Filter>
    <Filter Include="Source Files\Game">
      <UniqueIdentifier>{ad49a2e8-b4a0-4d5d-b2a2-853f3350737f}</UniqueIdentifier>
    </Filter>
    <Filter Include="Header Files\SDLGameEngine">
      <UniqueIdentifier>{2d9b924d-c40e-460f-9744-6ddce8386cdb}</UniqueIdentifier>
    </Filter>
    <Filter Include="Source Files\SDLGameEngine">
      <UniqueIdentifier>{cad51389-eee7-497c-942e-81acbb57d923}</UniqueIdentifier>
    </Filter>
  </ItemGroup>
  <ItemGroup>
    <ClCompile Include="pooppop.cpp">
      <Filter>Source Files</Filter>
    </ClCompile>
    <ClCompile Include="Model/Pair.cpp">
      <Filter>Source Files\Model</Filter>
    </ClCompile>
    <ClCompile Include="Model\Grid.cpp">
      <Filter>Source Files\Model</Filter>
    </ClCompile>
    <ClCompile Include="Controller\GridController.cpp">
      <Filter>Source Files\Controller</Filter>
    </ClCompile>
    <ClCompile Include="Fsm\State.cpp">
      <Filter>Source Files\Fsm</Filter>
    </ClCompile>
    <ClCompile Include="Fsm\StateMachine.cpp">
      <Filter>Source Files\Fsm</Filter>
    </ClCompile>
    <ClCompile Include="TerminalView\TerminalGameManager.cpp">
      <Filter>Source Files\TerminalView</Filter>
    </ClCompile>
    <ClCompile Include="TerminalView\GridView.cpp">
      <Filter>Source Files\TerminalView</Filter>
    </ClCompile>
    <ClCompile Include="SDLView\SDLGameManager.cpp">
      <Filter>Source Files\SDLView</Filter>
    </ClCompile>
    <ClCompile Include="Game\IGameManager.cpp">
      <Filter>Source Files\Game</Filter>
    </ClCompile>
    <ClCompile Include="SDLView\SDLGridView.cpp">
      <Filter>Source Files\SDLView</Filter>
    </ClCompile>
    <ClCompile Include="SDLGameEngine\GameObject.cpp">
      <Filter>Source Files\SDLGameEngine</Filter>
    </ClCompile>
    <ClCompile Include="SDLGameEngine\Texture.cpp">
      <Filter>Source Files\SDLGameEngine</Filter>
    </ClCompile>
    <ClCompile Include="SDLGameEngine\Scene.cpp">
      <Filter>Source Files\SDLGameEngine</Filter>
    </ClCompile>
    <ClCompile Include="SDLGameEngine\Renderer.cpp">
      <Filter>Source Files\SDLGameEngine</Filter>
    </ClCompile>
    <ClCompile Include="SDLGameEngine\ImageCache.cpp">
      <Filter>Source Files\SDLGameEngine</Filter>
    </ClCompile>
  </ItemGroup>
  <ItemGroup>
    <ClInclude Include="Model/Pair.h">
      <Filter>Header Files\Model</Filter>
    </ClInclude>
    <ClInclude Include="Model/Piece.h">
      <Filter>Header Files\Model</Filter>
    </ClInclude>
    <ClInclude Include="Model\Grid.h">
      <Filter>Header Files\Model</Filter>
    </ClInclude>
    <ClInclude Include="Controller\GridController.h">
      <Filter>Header Files\Controller</Filter>
    </ClInclude>
    <ClInclude Include="TerminalView\GridView.h">
      <Filter>Header Files\TerminalView</Filter>
    </ClInclude>
    <ClInclude Include="Fsm\State.h">
      <Filter>Header Files\Fsm</Filter>
    </ClInclude>
    <ClInclude Include="Fsm\StateMachine.h">
      <Filter>Header Files\Fsm</Filter>
    </ClInclude>
    <ClInclude Include="TerminalView\TerminalGameManager.h">
      <Filter>Header Files\TerminalView</Filter>
    </ClInclude>
    <ClInclude Include="SDLView\SDLGameManager.h">
      <Filter>Header Files\SDLView</Filter>
    </ClInclude>
    <ClInclude Include="Game\IGameManager.h">
      <Filter>Header Files\Game</Filter>
    </ClInclude>
    <ClInclude Include="SDLView\SDLGridView.h">
      <Filter>Header Files\SDLView</Filter>
    </ClInclude>
    <ClInclude Include="SDLGameEngine\GameObject.h">
      <Filter>Header Files\SDLGameEngine</Filter>
    </ClInclude>
    <ClInclude Include="SDLGameEngine\Texture.h">
      <Filter>Header Files\SDLGameEngine</Filter>
    </ClInclude>
    <ClInclude Include="SDLGameEngine\Scene.h">
      <Filter>Header Files\SDLGameEngine</Filter>
    </ClInclude>
    <ClInclude Include="SDLGameEngine\Renderer.h">
      <Filter>Header Files\SDLGameEngine</Filter>
    </ClInclude>
    <ClInclude Include="SDLGameEngine\ImageCache.h">
      <Filter>Header Files\SDLGameEngine</Filter>
    </ClInclude>
  </ItemGroup>
</Project>