<?xml version="1.0" encoding="utf-8"?>
<Project ToolsVersion="4.0" xmlns="http://schemas.microsoft.com/developer/msbuild/2003">
  <ItemGroup>
    <Filter Include="Source Files">
      <UniqueIdentifier>{4FC737F1-C7A5-4376-A066-2A32D752A2FF}</UniqueIdentifier>
      <Extensions>cpp;c;cc;cxx;def;odl;idl;hpj;bat;asm;asmx</Extensions>
    </Filter>
    <Filter Include="Header Files">
      <UniqueIdentifier>{93995380-89BD-4b04-88EB-625FBE52EBFB}</UniqueIdentifier>
      <Extensions>h;hh;hpp;hxx;hm;inl;inc;ipp;xsd</Extensions>
    </Filter>
    <Filter Include="Resource Files">
      <UniqueIdentifier>{67DA6AB6-F800-4c08-8B7A-83BB121AAD01}</UniqueIdentifier>
      <Extensions>rc;ico;cur;bmp;dlg;rc2;rct;bin;rgs;gif;jpg;jpeg;jpe;resx;tiff;tif;png;wav;mfcribbon-ms</Extensions>
    </Filter>
    <Filter Include="Header Files\Model">
      <UniqueIdentifier>{6b6f3d9d-ca54-4021-9927-e1aece9caae3}</UniqueIdentifier>
    </Filter>
    <Filter Include="Source Files\Model">
      <UniqueIdentifier>{aba8ddd3-bd10-4330-a02d-0eacbb1a89df}</UniqueIdentifier>
    </Filter>
    <Filter Include="Header Files\Controller">
      <UniqueIdentifier>{24760b34-fd72-4c9f-9b4f-be5271403771}</UniqueIdentifier>
    </Filter>
    <Filter Include="Source Files\Controller">
      <UniqueIdentifier>{dbf9c25c-18ec-4bc7-bb60-38dfd32d974b}</UniqueIdentifier>
    </Filter>
    <Filter Include="Header Files\TerminalView">
      <UniqueIdentifier>{311f5958-c046-488e-9e2e-8de8e5ab165d}</UniqueIdentifier>
    </Filter>
    <Filter Include="Source Files\TerminalView">
      <UniqueIdentifier>{6a4da816-3132-4a19-a693-2844696516b5}</UniqueIdentifier>
    </Filter>
  </ItemGroup>
  <ItemGroup>
    <ClCompile Include="pooppop.cpp">
      <Filter>Source Files</Filter>
    </ClCompile>
    <ClCompile Include="Model/Pair.cpp">
      <Filter>Source Files\Model</Filter>
    </ClCompile>
    <ClCompile Include="Model\Grid.cpp">
      <Filter>Source Files\Model</Filter>
    </ClCompile>
    <ClCompile Include="Controller\GridController.cpp">
      <Filter>Source Files\Controller</Filter>
    </ClCompile>
    <ClCompile Include="TerminalView\GridView.cpp">
      <Filter>Source Files\Controller</Filter>
    </ClCompile>
  </ItemGroup>
  <ItemGroup>
    <ClInclude Include="Model/Pair.h">
      <Filter>Header Files\Model</Filter>
    </ClInclude>
    <ClInclude Include="Model/Piece.h">
      <Filter>Header Files\Model</Filter>
    </ClInclude>
    <ClInclude Include="Model\Grid.h">
      <Filter>Header Files\Model</Filter>
    </ClInclude>
    <ClInclude Include="Controller\GridController.h">
      <Filter>Header Files\Controller</Filter>
    </ClInclude>
    <ClInclude Include="TerminalView\GridView.h">
      <Filter>Header Files\TerminalView</Filter>
    </ClInclude>
  </ItemGroup>
</Project>